PODS:
  - ObjectMapper (2.2.8)
  - Stylish-2 (0.1.0):
    - ObjectMapper (~> 2.2)

DEPENDENCIES:
  - Stylish-2 (from `/Users/pgawlowski/Documents/Projects/Stylish-2`)

EXTERNAL SOURCES:
  Stylish-2:
    :path: /Users/pgawlowski/Documents/Projects/Stylish-2

SPEC CHECKSUMS:
  ObjectMapper: 3d571bb5af471c779e1160828cd9ad5c4ef90958
  Stylish-2: 1b4c779eb260940577e3dd2083015ff6c2b51e47

PODFILE CHECKSUM: cbc8b8e04fea60dae950bbfe857cb5f140ce8c5b

COCOAPODS: 1.2.1
